
Microsoft Visual Studio Solution File, Format Version 12.00
# Visual Studio Version 17
VisualStudioVersion = 17.7.34024.191
MinimumVisualStudioVersion = 10.0.40219.1
Project("{FAE04EC0-301F-11D3-BF4B-00C04F79EFBC}") = "Prakt_2_15_11_WPF", "Prakt_2_15_11_WPF\Prakt_2_15_11_WPF.csproj", "{D6E07A5A-292D-4994-8A0A-79FE9091364C}"
EndProject
Global
	GlobalSection(SolutionConfigurationPlatforms) = preSolution
		Debug|Any CPU = Debug|Any CPU
		Release|Any CPU = Release|Any CPU
	EndGlobalSection
	GlobalSection(ProjectConfigurationPlatforms) = postSolution
		{D6E07A5A-292D-4994-8A0A-79FE9091364C}.Debug|Any CPU.ActiveCfg = Debug|Any CPU
		{D6E07A5A-292D-4994-8A0A-79FE9091364C}.Debug|Any CPU.Build.0 = Debug|Any CPU
		{D6E07A5A-292D-4994-8A0A-79FE9091364C}.Release|Any CPU.ActiveCfg = Release|Any CPU
		{D6E07A5A-292D-4994-8A0A-79FE9091364C}.Release|Any CPU.Build.0 = Release|Any CPU
	EndGlobalSection
	GlobalSection(SolutionProperties) = preSolution
		HideSolutionNode = FALSE
	EndGlobalSection
	GlobalSection(ExtensibilityGlobals) = postSolution
		SolutionGuid = {DB5BE778-653F-46F2-BA1D-37BD5AC08330}
	EndGlobalSection
EndGlobal
